<?xml version="1.0" encoding="utf-8"?>
<Project ToolsVersion="4.0" xmlns="http://schemas.microsoft.com/developer/msbuild/2003">
  <ItemGroup>
    <Filter Include="Source Files">
      <UniqueIdentifier>{d8697153-e7e4-4546-816d-93ff502dc34f}</UniqueIdentifier>
      <Extensions>cpp;c;cxx;rc;def;r;odl;idl;hpj;bat</Extensions>
    </Filter>
    <Filter Include="Header Files">
      <UniqueIdentifier>{cee625e5-041a-48e8-8fdd-b0ac8a5eacc3}</UniqueIdentifier>
      <Extensions>h;hpp;hxx;hm;inl</Extensions>
    </Filter>
    <Filter Include="DCOM Config">
      <UniqueIdentifier>{7b5c50d2-2e70-4457-ae07-810ec2f44e89}</UniqueIdentifier>
    </Filter>
  </ItemGroup>
  <ItemGroup>
    <ClCompile Include="COpcBrowseElement.cpp">
      <Filter>Source Files</Filter>
    </ClCompile>
    <ClCompile Include="COpcClassFactory.cpp">
      <Filter>Source Files</Filter>
    </ClCompile>
    <ClCompile Include="COpcComModule.cpp">
      <Filter>Source Files</Filter>
    </ClCompile>
    <ClCompile Include="COpcCommon.cpp">
      <Filter>Source Files</Filter>
    </ClCompile>
    <ClCompile Include="COpcConnectionPoint.cpp">
      <Filter>Source Files</Filter>
    </ClCompile>
    <ClCompile Include="COpcCPContainer.cpp">
      <Filter>Source Files</Filter>
    </ClCompile>
    <ClCompile Include="COpcEnumCPs.cpp">
      <Filter>Source Files</Filter>
    </ClCompile>
    <ClCompile Include="COpcEnumString.cpp">
      <Filter>Source Files</Filter>
    </ClCompile>
    <ClCompile Include="COpcEnumUnknown.cpp">
      <Filter>Source Files</Filter>
    </ClCompile>
    <ClCompile Include="COpcFile.cpp">
      <Filter>Source Files</Filter>
    </ClCompile>
    <ClCompile Include="COpcSecurity.cpp">
      <Filter>Source Files</Filter>
    </ClCompile>
    <ClCompile Include="COpcString.cpp">
      <Filter>Source Files</Filter>
    </ClCompile>
    <ClCompile Include="COpcText.cpp">
      <Filter>Source Files</Filter>
    </ClCompile>
    <ClCompile Include="COpcTextReader.cpp">
      <Filter>Source Files</Filter>
    </ClCompile>
    <ClCompile Include="COpcThread.cpp">
      <Filter>Source Files</Filter>
    </ClCompile>
    <ClCompile Include="COpcThreadPool.cpp">
      <Filter>Source Files</Filter>
    </ClCompile>
    <ClCompile Include="COpcVariant.cpp">
      <Filter>Source Files</Filter>
    </ClCompile>
    <ClCompile Include="COpcXmlAnyType.cpp">
      <Filter>Source Files</Filter>
    </ClCompile>
    <ClCompile Include="COpcXmlAttribute.cpp">
      <Filter>Source Files</Filter>
    </ClCompile>
    <ClCompile Include="COpcXmlDocument.cpp">
      <Filter>Source Files</Filter>
    </ClCompile>
    <ClCompile Include="COpcXmlElement.cpp">
      <Filter>Source Files</Filter>
    </ClCompile>
    <ClCompile Include="OpcCategory.cpp">
      <Filter>Source Files</Filter>
    </ClCompile>
    <ClCompile Include="OpcMatch.cpp">
      <Filter>Source Files</Filter>
    </ClCompile>
    <ClCompile Include="OpcRegistry.cpp">
      <Filter>Source Files</Filter>
    </ClCompile>
    <ClCompile Include="OpcUtils.cpp">
      <Filter>Source Files</Filter>
    </ClCompile>
    <ClCompile Include="OpcXmlType.cpp">
      <Filter>Source Files</Filter>
    </ClCompile>
    <ClCompile Include="StdAfx.cpp">
      <Filter>Source Files</Filter>
    </ClCompile>
    <ClCompile Include="DCOM Config\AclMgmt.cpp">
      <Filter>DCOM Config</Filter>
    </ClCompile>
    <ClCompile Include="DCOM Config\ListAcl.cpp">
      <Filter>DCOM Config</Filter>
    </ClCompile>
    <ClCompile Include="DCOM Config\SDMgmt.cpp">
      <Filter>DCOM Config</Filter>
    </ClCompile>
    <ClCompile Include="DCOM Config\SrvcMgmt.cpp">
      <Filter>DCOM Config</Filter>
    </ClCompile>
    <ClCompile Include="DCOM Config\UtilS.cpp">
      <Filter>DCOM Config</Filter>
    </ClCompile>
    <ClCompile Include="DCOM Config\Wrappers.cpp">
      <Filter>DCOM Config</Filter>
    </ClCompile>
  </ItemGroup>
  <ItemGroup>
    <ClInclude Include="COpcBrowseElement.h">
      <Filter>Header Files</Filter>
    </ClInclude>
    <ClInclude Include="COpcSortedArray.h">
      <Filter>Header Files</Filter>
    </ClInclude>
    <ClInclude Include="COpcThreadPool.h">
      <Filter>Header Files</Filter>
    </ClInclude>
    <ClInclude Include="COpcXmlAnyType.h">
      <Filter>Header Files</Filter>
    </ClInclude>
    <ClInclude Include="resource.h">
      <Filter>Header Files</Filter>
    </ClInclude>
    <ClInclude Include="StdAfx.h">
      <Filter>Header Files</Filter>
    </ClInclude>
    <ClInclude Include="DCOM Config\DComPerm.h">
      <Filter>DCOM Config</Filter>
    </ClInclude>
  </ItemGroup>
  <ItemGroup>
    <None Include="DCOM Config\DCOM Config Readme.htm">
      <Filter>DCOM Config</Filter>
    </None>
  </ItemGroup>
  <ItemGroup>
    <CustomBuild Include="COpcArray.h">
      <Filter>Header Files</Filter>
    </CustomBuild>
    <CustomBuild Include="COpcClassFactory.h">
      <Filter>Header Files</Filter>
    </CustomBuild>
    <CustomBuild Include="COpcComModule.h">
      <Filter>Header Files</Filter>
    </CustomBuild>
    <CustomBuild Include="COpcCommon.h">
      <Filter>Header Files</Filter>
    </CustomBuild>
    <CustomBuild Include="COpcComObject.h">
      <Filter>Header Files</Filter>
    </CustomBuild>
    <CustomBuild Include="COpcConnectionPoint.h">
      <Filter>Header Files</Filter>
    </CustomBuild>
    <CustomBuild Include="COpcCPContainer.h">
      <Filter>Header Files</Filter>
    </CustomBuild>
    <CustomBuild Include="COpcCriticalSection.h">
      <Filter>Header Files</Filter>
    </CustomBuild>
    <CustomBuild Include="COpcEnumCPs.h">
      <Filter>Header Files</Filter>
    </CustomBuild>
    <CustomBuild Include="COpcEnumString.h">
      <Filter>Header Files</Filter>
    </CustomBuild>
    <CustomBuild Include="COpcEnumUnknown.h">
      <Filter>Header Files</Filter>
    </CustomBuild>
    <CustomBuild Include="COpcFile.h">
      <Filter>Header Files</Filter>
    </CustomBuild>
    <CustomBuild Include="COpcList.h">
      <Filter>Header Files</Filter>
    </CustomBuild>
    <CustomBuild Include="COpcMap.h">
      <Filter>Header Files</Filter>
    </CustomBuild>
    <CustomBuild Include="COpcSecurity.h">
      <Filter>Header Files</Filter>
    </CustomBuild>
    <CustomBuild Include="COpcString.h">
      <Filter>Header Files</Filter>
    </CustomBuild>
    <CustomBuild Include="COpcText.h">
      <Filter>Header Files</Filter>
    </CustomBuild>
    <CustomBuild Include="COpcTextReader.h">
      <Filter>Header Files</Filter>
    </CustomBuild>
    <CustomBuild Include="COpcThread.h">
      <Filter>Header Files</Filter>
    </CustomBuild>
    <CustomBuild Include="COpcVariant.h">
      <Filter>Header Files</Filter>
    </CustomBuild>
    <CustomBuild Include="COpcXmlAttribute.h">
      <Filter>Header Files</Filter>
    </CustomBuild>
    <CustomBuild Include="COpcXmlDocument.h">
      <Filter>Header Files</Filter>
    </CustomBuild>
    <CustomBuild Include="COpcXmlElement.h">
      <Filter>Header Files</Filter>
    </CustomBuild>
    <CustomBuild Include="OpcCategory.h">
      <Filter>Header Files</Filter>
    </CustomBuild>
    <CustomBuild Include="OpcDefs.h">
      <Filter>Header Files</Filter>
    </CustomBuild>
    <CustomBuild Include="OpcMatch.h">
      <Filter>Header Files</Filter>
    </CustomBuild>
    <CustomBuild Include="OpcRegistry.h">
      <Filter>Header Files</Filter>
    </CustomBuild>
    <CustomBuild Include="OpcUtils.h">
      <Filter>Header Files</Filter>
    </CustomBuild>
    <CustomBuild Include="OpcXmlType.h">
      <Filter>Header Files</Filter>
    </CustomBuild>
  </ItemGroup>
</Project>