
Microsoft Visual Studio Solution File, Format Version 12.00
# Visual Studio 15
VisualStudioVersion = 15.0.28307.539
MinimumVisualStudioVersion = 10.0.40219.1
Project("{2150E333-8FDC-42A3-9474-1A3956D46DE8}") = "Sample Server", "Sample Server", "{E5EC4119-5D45-4617-A1D2-2FE165003B18}"
EndProject
Project("{2150E333-8FDC-42A3-9474-1A3956D46DE8}") = "Sample Client", "Sample Client", "{85240195-1926-47DD-9362-6A64C32C0D94}"
EndProject
Project("{8BC9CEB8-8B4A-11D0-8D11-00A0C91BC942}") = "OPC Sample Utility Classes", "COM\Shared\Utils\OpcUtils.vcxproj", "{268AE545-D614-4B66-AEF3-C5B85919AD9D}"
EndProject
Project("{8BC9CEB8-8B4A-11D0-8D11-00A0C91BC942}") = "OPC DA Sample Server Classes", "COM\Sample Server\Da\Core\OpcDaServerCore.vcxproj", "{A03F86A2-F0B8-40D3-AE60-2E1AE1ECB150}"
EndProject
Project("{8BC9CEB8-8B4A-11D0-8D11-00A0C91BC942}") = "OPC DA Sample Device", "COM\Sample Server\Da\Device\OpcDaDevice.vcxproj", "{7D074CE4-0D1A-4103-BECA-DBDF20781250}"
EndProject
Project("{8BC9CEB8-8B4A-11D0-8D11-00A0C91BC942}") = "OPC DA Sample Server", "COM\Sample Server\Da\Server\OpcDaServer.vcxproj", "{A18BEF28-A117-4410-97EF-6689D33B7FAB}"
EndProject
Project("{8BC9CEB8-8B4A-11D0-8D11-00A0C91BC942}") = "OPC DA 2.05a Sample Server", "COM\Sample Server\Da\Server (2.05a Only)\OpcDa20Server.vcxproj", "{5D370309-CE24-4233-BD17-4486F0D9492F}"
EndProject
Project("{8BC9CEB8-8B4A-11D0-8D11-00A0C91BC942}") = "OPC DA 3.00 Sample Server", "COM\Sample Server\Da\Server (3.00 Only)\OpcDa30Server.vcxproj", "{6A2AEC24-192D-4269-9E47-D43EE73EA416}"
EndProject
Project("{8BC9CEB8-8B4A-11D0-8D11-00A0C91BC942}") = "OPC DA Server Wrapper", "COM\Sample Server\Da\Wrapper\OpcDaWrapper.vcxproj", "{F5CE8C69-8DDC-477E-99AA-BDD96A02B5D6}"
EndProject
Project("{8BC9CEB8-8B4A-11D0-8D11-00A0C91BC942}") = "OPC DA Simple Client", "COM\Sample Client\Da\Simple Client\OpcDaSimpleClient.vcxproj", "{F47B343B-1ABA-4276-A1BB-42096474A887}"
EndProject
Project("{8BC9CEB8-8B4A-11D0-8D11-00A0C91BC942}") = "OPC AE Sample Server", "COM\Sample Server\Ae\OpcAeServer.vcxproj", "{E6A8DCD2-1B76-4608-BC65-F70C844D51B4}"
EndProject
Project("{8BC9CEB8-8B4A-11D0-8D11-00A0C91BC942}") = "OPC HDA Sample Server", "COM\Sample Server\Hda\Server\OpcHdaServer.vcxproj", "{94C7C6CD-0BF5-47E5-BE1B-BFEEB1EB2B45}"
EndProject
Project("{8BC9CEB8-8B4A-11D0-8D11-00A0C91BC942}") = "OPC HDA Sample Server Classes", "COM\Sample Server\Hda\Core\OpcHdaServerCore.vcxproj", "{EC52271A-4956-4E24-AD8E-47C45A561835}"
EndProject
Project("{2150E333-8FDC-42A3-9474-1A3956D46DE8}") = "Da", "Da", "{D49E3D0C-4DB6-4AE3-BFB8-32D041AE477E}"
EndProject
Project("{2150E333-8FDC-42A3-9474-1A3956D46DE8}") = "Ae", "Ae", "{2356D168-459F-4093-B8EA-6347439017EE}"
EndProject
Project("{2150E333-8FDC-42A3-9474-1A3956D46DE8}") = "Shared", "Shared", "{2A762DDA-B1D1-4C34-A0CC-E53AF0423F0B}"
EndProject
Project("{2150E333-8FDC-42A3-9474-1A3956D46DE8}") = "Hda", "Hda", "{3B58A909-1A49-4441-B310-700C63F05DBB}"
EndProject
Project("{2150E333-8FDC-42A3-9474-1A3956D46DE8}") = "Da", "Da", "{256949EE-53FE-4F52-A22E-5343C9678745}"
EndProject
Global
	GlobalSection(SolutionConfigurationPlatforms) = preSolution
		Debug|Win32 = Debug|Win32
		Debug|x64 = Debug|x64
		Release|Win32 = Release|Win32
		Release|x64 = Release|x64
	EndGlobalSection
	GlobalSection(ProjectConfigurationPlatforms) = postSolution
		{268AE545-D614-4B66-AEF3-C5B85919AD9D}.Debug|Win32.ActiveCfg = Debug|Win32
		{268AE545-D614-4B66-AEF3-C5B85919AD9D}.Debug|Win32.Build.0 = Debug|Win32
		{268AE545-D614-4B66-AEF3-C5B85919AD9D}.Debug|x64.ActiveCfg = Debug|x64
		{268AE545-D614-4B66-AEF3-C5B85919AD9D}.Debug|x64.Build.0 = Debug|x64
		{268AE545-D614-4B66-AEF3-C5B85919AD9D}.Release|Win32.ActiveCfg = Release|Win32
		{268AE545-D614-4B66-AEF3-C5B85919AD9D}.Release|Win32.Build.0 = Release|Win32
		{268AE545-D614-4B66-AEF3-C5B85919AD9D}.Release|x64.ActiveCfg = Release|x64
		{268AE545-D614-4B66-AEF3-C5B85919AD9D}.Release|x64.Build.0 = Release|x64
		{A03F86A2-F0B8-40D3-AE60-2E1AE1ECB150}.Debug|Win32.ActiveCfg = Debug|Win32
		{A03F86A2-F0B8-40D3-AE60-2E1AE1ECB150}.Debug|Win32.Build.0 = Debug|Win32
		{A03F86A2-F0B8-40D3-AE60-2E1AE1ECB150}.Debug|x64.ActiveCfg = Debug|Win32
		{A03F86A2-F0B8-40D3-AE60-2E1AE1ECB150}.Release|Win32.ActiveCfg = Release|Win32
		{A03F86A2-F0B8-40D3-AE60-2E1AE1ECB150}.Release|Win32.Build.0 = Release|Win32
		{A03F86A2-F0B8-40D3-AE60-2E1AE1ECB150}.Release|x64.ActiveCfg = Release|Win32
		{7D074CE4-0D1A-4103-BECA-DBDF20781250}.Debug|Win32.ActiveCfg = Debug|Win32
		{7D074CE4-0D1A-4103-BECA-DBDF20781250}.Debug|Win32.Build.0 = Debug|Win32
		{7D074CE4-0D1A-4103-BECA-DBDF20781250}.Debug|x64.ActiveCfg = Debug|Win32
		{7D074CE4-0D1A-4103-BECA-DBDF20781250}.Release|Win32.ActiveCfg = Release|Win32
		{7D074CE4-0D1A-4103-BECA-DBDF20781250}.Release|Win32.Build.0 = Release|Win32
		{7D074CE4-0D1A-4103-BECA-DBDF20781250}.Release|x64.ActiveCfg = Release|Win32
		{A18BEF28-A117-4410-97EF-6689D33B7FAB}.Debug|Win32.ActiveCfg = Debug|Win32
		{A18BEF28-A117-4410-97EF-6689D33B7FAB}.Debug|Win32.Build.0 = Debug|Win32
		{A18BEF28-A117-4410-97EF-6689D33B7FAB}.Debug|x64.ActiveCfg = Debug|Win32
		{A18BEF28-A117-4410-97EF-6689D33B7FAB}.Release|Win32.ActiveCfg = Release|Win32
		{A18BEF28-A117-4410-97EF-6689D33B7FAB}.Release|Win32.Build.0 = Release|Win32
		{A18BEF28-A117-4410-97EF-6689D33B7FAB}.Release|x64.ActiveCfg = Release|Win32
		{5D370309-CE24-4233-BD17-4486F0D9492F}.Debug|Win32.ActiveCfg = Debug|Win32
		{5D370309-CE24-4233-BD17-4486F0D9492F}.Debug|Win32.Build.0 = Debug|Win32
		{5D370309-CE24-4233-BD17-4486F0D9492F}.Debug|x64.ActiveCfg = Debug|Win32
		{5D370309-CE24-4233-BD17-4486F0D9492F}.Release|Win32.ActiveCfg = Release|Win32
		{5D370309-CE24-4233-BD17-4486F0D9492F}.Release|Win32.Build.0 = Release|Win32
		{5D370309-CE24-4233-BD17-4486F0D9492F}.Release|x64.ActiveCfg = Release|Win32
		{6A2AEC24-192D-4269-9E47-D43EE73EA416}.Debug|Win32.ActiveCfg = Debug|Win32
		{6A2AEC24-192D-4269-9E47-D43EE73EA416}.Debug|Win32.Build.0 = Debug|Win32
		{6A2AEC24-192D-4269-9E47-D43EE73EA416}.Debug|x64.ActiveCfg = Debug|Win32
		{6A2AEC24-192D-4269-9E47-D43EE73EA416}.Release|Win32.ActiveCfg = Release|Win32
		{6A2AEC24-192D-4269-9E47-D43EE73EA416}.Release|Win32.Build.0 = Release|Win32
		{6A2AEC24-192D-4269-9E47-D43EE73EA416}.Release|x64.ActiveCfg = Release|Win32
		{F5CE8C69-8DDC-477E-99AA-BDD96A02B5D6}.Debug|Win32.ActiveCfg = Debug|Win32
		{F5CE8C69-8DDC-477E-99AA-BDD96A02B5D6}.Debug|Win32.Build.0 = Debug|Win32
		{F5CE8C69-8DDC-477E-99AA-BDD96A02B5D6}.Debug|x64.ActiveCfg = Debug|Win32
		{F5CE8C69-8DDC-477E-99AA-BDD96A02B5D6}.Release|Win32.ActiveCfg = Release|Win32
		{F5CE8C69-8DDC-477E-99AA-BDD96A02B5D6}.Release|Win32.Build.0 = Release|Win32
		{F5CE8C69-8DDC-477E-99AA-BDD96A02B5D6}.Release|x64.ActiveCfg = Release|Win32
		{F47B343B-1ABA-4276-A1BB-42096474A887}.Debug|Win32.ActiveCfg = Debug|Win32
		{F47B343B-1ABA-4276-A1BB-42096474A887}.Debug|Win32.Build.0 = Debug|Win32
		{F47B343B-1ABA-4276-A1BB-42096474A887}.Debug|x64.ActiveCfg = Debug|Win32
		{F47B343B-1ABA-4276-A1BB-42096474A887}.Release|Win32.ActiveCfg = Release|Win32
		{F47B343B-1ABA-4276-A1BB-42096474A887}.Release|Win32.Build.0 = Release|Win32
		{F47B343B-1ABA-4276-A1BB-42096474A887}.Release|x64.ActiveCfg = Release|Win32
		{E6A8DCD2-1B76-4608-BC65-F70C844D51B4}.Debug|Win32.ActiveCfg = Debug|Win32
		{E6A8DCD2-1B76-4608-BC65-F70C844D51B4}.Debug|Win32.Build.0 = Debug|Win32
		{E6A8DCD2-1B76-4608-BC65-F70C844D51B4}.Debug|x64.ActiveCfg = Debug|Win32
		{E6A8DCD2-1B76-4608-BC65-F70C844D51B4}.Release|Win32.ActiveCfg = Release|Win32
		{E6A8DCD2-1B76-4608-BC65-F70C844D51B4}.Release|Win32.Build.0 = Release|Win32
		{E6A8DCD2-1B76-4608-BC65-F70C844D51B4}.Release|x64.ActiveCfg = Release|Win32
		{94C7C6CD-0BF5-47E5-BE1B-BFEEB1EB2B45}.Debug|Win32.ActiveCfg = Debug|Win32
		{94C7C6CD-0BF5-47E5-BE1B-BFEEB1EB2B45}.Debug|Win32.Build.0 = Debug|Win32
		{94C7C6CD-0BF5-47E5-BE1B-BFEEB1EB2B45}.Debug|x64.ActiveCfg = Debug|Win32
		{94C7C6CD-0BF5-47E5-BE1B-BFEEB1EB2B45}.Release|Win32.ActiveCfg = Release|Win32
		{94C7C6CD-0BF5-47E5-BE1B-BFEEB1EB2B45}.Release|Win32.Build.0 = Release|Win32
		{94C7C6CD-0BF5-47E5-BE1B-BFEEB1EB2B45}.Release|x64.ActiveCfg = Release|Win32
		{EC52271A-4956-4E24-AD8E-47C45A561835}.Debug|Win32.ActiveCfg = Debug|Win32
		{EC52271A-4956-4E24-AD8E-47C45A561835}.Debug|Win32.Build.0 = Debug|Win32
		{EC52271A-4956-4E24-AD8E-47C45A561835}.Debug|x64.ActiveCfg = Debug|Win32
		{EC52271A-4956-4E24-AD8E-47C45A561835}.Release|Win32.ActiveCfg = Release|Win32
		{EC52271A-4956-4E24-AD8E-47C45A561835}.Release|Win32.Build.0 = Release|Win32
		{EC52271A-4956-4E24-AD8E-47C45A561835}.Release|x64.ActiveCfg = Release|Win32
	EndGlobalSection
	GlobalSection(SolutionProperties) = preSolution
		HideSolutionNode = FALSE
	EndGlobalSection
	GlobalSection(NestedProjects) = preSolution
		{268AE545-D614-4B66-AEF3-C5B85919AD9D} = {2A762DDA-B1D1-4C34-A0CC-E53AF0423F0B}
		{A03F86A2-F0B8-40D3-AE60-2E1AE1ECB150} = {D49E3D0C-4DB6-4AE3-BFB8-32D041AE477E}
		{7D074CE4-0D1A-4103-BECA-DBDF20781250} = {D49E3D0C-4DB6-4AE3-BFB8-32D041AE477E}
		{A18BEF28-A117-4410-97EF-6689D33B7FAB} = {D49E3D0C-4DB6-4AE3-BFB8-32D041AE477E}
		{5D370309-CE24-4233-BD17-4486F0D9492F} = {D49E3D0C-4DB6-4AE3-BFB8-32D041AE477E}
		{6A2AEC24-192D-4269-9E47-D43EE73EA416} = {D49E3D0C-4DB6-4AE3-BFB8-32D041AE477E}
		{F5CE8C69-8DDC-477E-99AA-BDD96A02B5D6} = {D49E3D0C-4DB6-4AE3-BFB8-32D041AE477E}
		{F47B343B-1ABA-4276-A1BB-42096474A887} = {256949EE-53FE-4F52-A22E-5343C9678745}
		{E6A8DCD2-1B76-4608-BC65-F70C844D51B4} = {2356D168-459F-4093-B8EA-6347439017EE}
		{94C7C6CD-0BF5-47E5-BE1B-BFEEB1EB2B45} = {3B58A909-1A49-4441-B310-700C63F05DBB}
		{EC52271A-4956-4E24-AD8E-47C45A561835} = {3B58A909-1A49-4441-B310-700C63F05DBB}
		{D49E3D0C-4DB6-4AE3-BFB8-32D041AE477E} = {E5EC4119-5D45-4617-A1D2-2FE165003B18}
		{2356D168-459F-4093-B8EA-6347439017EE} = {E5EC4119-5D45-4617-A1D2-2FE165003B18}
		{2A762DDA-B1D1-4C34-A0CC-E53AF0423F0B} = {E5EC4119-5D45-4617-A1D2-2FE165003B18}
		{3B58A909-1A49-4441-B310-700C63F05DBB} = {E5EC4119-5D45-4617-A1D2-2FE165003B18}
		{256949EE-53FE-4F52-A22E-5343C9678745} = {85240195-1926-47DD-9362-6A64C32C0D94}
	EndGlobalSection
	GlobalSection(ExtensibilityGlobals) = postSolution
		SolutionGuid = {9BF4A746-C7E8-4D39-AF4E-09E62BF4EA1F}
	EndGlobalSection
EndGlobal
