<Solution>
  <Folder Name="/src/">
    <Project Path="src/OpcClassic.Core/OpcClassic.Core.csproj" />
    <Project Path="src/OpcClassic.Da/OpcClassic.Da.csproj" />
    <Project Path="src/OpcClassic.Dcom/OpcClassic.Dcom.csproj" />
  </Folder>
  <Folder Name="/tests/">
    <Project Path="tests/OpcClassic.Core.Tests/OpcClassic.Core.Tests.csproj" />
    <Project Path="tests/OpcClassic.Da.Tests/OpcClassic.Da.Tests.csproj" />
    <Project Path="tests/OpcClassic.Dcom.Crypto.Tests/OpcClassic.Dcom.Crypto.Tests.csproj" />
    <Project Path="tests/OpcClassic.Dcom.Tests/OpcClassic.Dcom.Tests.csproj" />
  </Folder>
</Solution>
