
Microsoft Visual Studio Solution File, Format Version 12.00
# Visual Studio Version 16
VisualStudioVersion = 16.0.28729.10
MinimumVisualStudioVersion = 10.0.40219.1
Project("{9A19103F-16F7-4668-BE54-9A1E7A4F7556}") = "SharpInterop", "SharpInterop\SharpInterop.csproj", "{7EDA93FD-30D2-44F1-8080-C163EB70A247}"
EndProject
Project("{9A19103F-16F7-4668-BE54-9A1E7A4F7556}") = "SharpInteropDeps", "SharpInteropDeps\SharpInteropDeps.csproj", "{97DB7468-A447-436C-800D-E755CEA52F83}"
EndProject
Project("{FAE04EC0-301F-11D3-BF4B-00C04F79EFBC}") = "SharpCifs.STD1.3", "SharpCifs.STD1.3\SharpCifs.STD1.3.csproj", "{19D5580A-27C8-42D0-B5F1-4ECFABB816E7}"
EndProject
Project("{2150E333-8FDC-42A3-9474-1A3956D46DE8}") = "Solution Items", "Solution Items", "{77CDDCEE-9B4F-4648-831E-4E5750A55650}"
	ProjectSection(SolutionItems) = preProject
		.editorconfig = .editorconfig
	EndProjectSection
EndProject
Project("{9A19103F-16F7-4668-BE54-9A1E7A4F7556}") = "SharpInterop.Test", "SharpInterop.Test\SharpInterop.Test.csproj", "{CEEB46EC-1BEC-46CC-A382-D693575BA800}"
EndProject
Global
	GlobalSection(SolutionConfigurationPlatforms) = preSolution
		Debug|Any CPU = Debug|Any CPU
		Release|Any CPU = Release|Any CPU
	EndGlobalSection
	GlobalSection(ProjectConfigurationPlatforms) = postSolution
		{7EDA93FD-30D2-44F1-8080-C163EB70A247}.Debug|Any CPU.ActiveCfg = Debug|Any CPU
		{7EDA93FD-30D2-44F1-8080-C163EB70A247}.Debug|Any CPU.Build.0 = Debug|Any CPU
		{7EDA93FD-30D2-44F1-8080-C163EB70A247}.Release|Any CPU.ActiveCfg = Release|Any CPU
		{7EDA93FD-30D2-44F1-8080-C163EB70A247}.Release|Any CPU.Build.0 = Release|Any CPU
		{97DB7468-A447-436C-800D-E755CEA52F83}.Debug|Any CPU.ActiveCfg = Debug|Any CPU
		{97DB7468-A447-436C-800D-E755CEA52F83}.Debug|Any CPU.Build.0 = Debug|Any CPU
		{97DB7468-A447-436C-800D-E755CEA52F83}.Release|Any CPU.ActiveCfg = Release|Any CPU
		{97DB7468-A447-436C-800D-E755CEA52F83}.Release|Any CPU.Build.0 = Release|Any CPU
		{19D5580A-27C8-42D0-B5F1-4ECFABB816E7}.Debug|Any CPU.ActiveCfg = Debug|Any CPU
		{19D5580A-27C8-42D0-B5F1-4ECFABB816E7}.Debug|Any CPU.Build.0 = Debug|Any CPU
		{19D5580A-27C8-42D0-B5F1-4ECFABB816E7}.Release|Any CPU.ActiveCfg = Release|Any CPU
		{19D5580A-27C8-42D0-B5F1-4ECFABB816E7}.Release|Any CPU.Build.0 = Release|Any CPU
		{CEEB46EC-1BEC-46CC-A382-D693575BA800}.Debug|Any CPU.ActiveCfg = Debug|Any CPU
		{CEEB46EC-1BEC-46CC-A382-D693575BA800}.Debug|Any CPU.Build.0 = Debug|Any CPU
		{CEEB46EC-1BEC-46CC-A382-D693575BA800}.Release|Any CPU.ActiveCfg = Release|Any CPU
		{CEEB46EC-1BEC-46CC-A382-D693575BA800}.Release|Any CPU.Build.0 = Release|Any CPU
	EndGlobalSection
	GlobalSection(SolutionProperties) = preSolution
		HideSolutionNode = FALSE
	EndGlobalSection
	GlobalSection(ExtensibilityGlobals) = postSolution
		SolutionGuid = {9BF4A746-C7E8-4D39-AF4E-09E62BF4EA1F}
	EndGlobalSection
EndGlobal
