Microsoft Visual Studio Solution File, Format Version 8.00
Project("{8BC9CEB8-8B4A-11D0-8D11-00A0C91BC942}") = "OPC DA Sample Server", "OPC DA Sample Server.vcproj", "{A18BEF28-A117-4410-97EF-6689D33B7FAB}"
	ProjectSection(ProjectDependencies) = postProject
		{268AE545-D614-4B66-AEF3-C5B85919AD9D} = {268AE545-D614-4B66-AEF3-C5B85919AD9D}
		{A03F86A2-F0B8-40D3-AE60-2E1AE1ECB150} = {A03F86A2-F0B8-40D3-AE60-2E1AE1ECB150}
		{7D074CE4-0D1A-4103-BECA-DBDF20781250} = {7D074CE4-0D1A-4103-BECA-DBDF20781250}
	EndProjectSection
EndProject
Project("{8BC9CEB8-8B4A-11D0-8D11-00A0C91BC942}") = "OPC DA 3.00 Sample Server", "..\Sample Server (3.00 Only)\OPC DA 3.00 Sample Server.vcproj", "{6A2AEC24-192D-4269-9E47-D43EE73EA416}"
	ProjectSection(ProjectDependencies) = postProject
		{268AE545-D614-4B66-AEF3-C5B85919AD9D} = {268AE545-D614-4B66-AEF3-C5B85919AD9D}
		{A03F86A2-F0B8-40D3-AE60-2E1AE1ECB150} = {A03F86A2-F0B8-40D3-AE60-2E1AE1ECB150}
		{7D074CE4-0D1A-4103-BECA-DBDF20781250} = {7D074CE4-0D1A-4103-BECA-DBDF20781250}
	EndProjectSection
EndProject
Project("{8BC9CEB8-8B4A-11D0-8D11-00A0C91BC942}") = "OPC DA 2.05 Sample Server", "..\Sample Server (2.05a Only)\OPC DA 2.05 Sample Server.vcproj", "{5D370309-CE24-4233-BD17-4486F0D9492F}"
	ProjectSection(ProjectDependencies) = postProject
		{268AE545-D614-4B66-AEF3-C5B85919AD9D} = {268AE545-D614-4B66-AEF3-C5B85919AD9D}
		{A03F86A2-F0B8-40D3-AE60-2E1AE1ECB150} = {A03F86A2-F0B8-40D3-AE60-2E1AE1ECB150}
		{7D074CE4-0D1A-4103-BECA-DBDF20781250} = {7D074CE4-0D1A-4103-BECA-DBDF20781250}
	EndProjectSection
EndProject
Project("{8BC9CEB8-8B4A-11D0-8D11-00A0C91BC942}") = "OPC DA Sample Server Classes", "..\Sample Server Classes\OPC DA Sample Server Classes.vcproj", "{A03F86A2-F0B8-40D3-AE60-2E1AE1ECB150}"
	ProjectSection(ProjectDependencies) = postProject
		{268AE545-D614-4B66-AEF3-C5B85919AD9D} = {268AE545-D614-4B66-AEF3-C5B85919AD9D}
	EndProjectSection
EndProject
Project("{8BC9CEB8-8B4A-11D0-8D11-00A0C91BC942}") = "OPC DA Sample Device", "..\Sample Device\OPC DA Sample Device.vcproj", "{7D074CE4-0D1A-4103-BECA-DBDF20781250}"
	ProjectSection(ProjectDependencies) = postProject
		{A03F86A2-F0B8-40D3-AE60-2E1AE1ECB150} = {A03F86A2-F0B8-40D3-AE60-2E1AE1ECB150}
	EndProjectSection
EndProject
Project("{8BC9CEB8-8B4A-11D0-8D11-00A0C91BC942}") = "OPC Sample Utility Classes", "..\..\Shared\Sample Utility Classes\OPC Sample Utility Classes.vcproj", "{268AE545-D614-4B66-AEF3-C5B85919AD9D}"
	ProjectSection(ProjectDependencies) = postProject
	EndProjectSection
EndProject
Global
	GlobalSection(SolutionConfiguration) = preSolution
		Debug = Debug
		Release = Release
	EndGlobalSection
	GlobalSection(ProjectConfiguration) = postSolution
		{A18BEF28-A117-4410-97EF-6689D33B7FAB}.Debug.ActiveCfg = Debug|Win32
		{A18BEF28-A117-4410-97EF-6689D33B7FAB}.Debug.Build.0 = Debug|Win32
		{A18BEF28-A117-4410-97EF-6689D33B7FAB}.Release.ActiveCfg = Release|Win32
		{A18BEF28-A117-4410-97EF-6689D33B7FAB}.Release.Build.0 = Release|Win32
		{6A2AEC24-192D-4269-9E47-D43EE73EA416}.Debug.ActiveCfg = Debug|Win32
		{6A2AEC24-192D-4269-9E47-D43EE73EA416}.Debug.Build.0 = Debug|Win32
		{6A2AEC24-192D-4269-9E47-D43EE73EA416}.Release.ActiveCfg = Release|Win32
		{6A2AEC24-192D-4269-9E47-D43EE73EA416}.Release.Build.0 = Release|Win32
		{5D370309-CE24-4233-BD17-4486F0D9492F}.Debug.ActiveCfg = Debug|Win32
		{5D370309-CE24-4233-BD17-4486F0D9492F}.Debug.Build.0 = Debug|Win32
		{5D370309-CE24-4233-BD17-4486F0D9492F}.Release.ActiveCfg = Release|Win32
		{5D370309-CE24-4233-BD17-4486F0D9492F}.Release.Build.0 = Release|Win32
		{A03F86A2-F0B8-40D3-AE60-2E1AE1ECB150}.Debug.ActiveCfg = Debug|Win32
		{A03F86A2-F0B8-40D3-AE60-2E1AE1ECB150}.Debug.Build.0 = Debug|Win32
		{A03F86A2-F0B8-40D3-AE60-2E1AE1ECB150}.Release.ActiveCfg = Release|Win32
		{A03F86A2-F0B8-40D3-AE60-2E1AE1ECB150}.Release.Build.0 = Release|Win32
		{7D074CE4-0D1A-4103-BECA-DBDF20781250}.Debug.ActiveCfg = Debug|Win32
		{7D074CE4-0D1A-4103-BECA-DBDF20781250}.Debug.Build.0 = Debug|Win32
		{7D074CE4-0D1A-4103-BECA-DBDF20781250}.Release.ActiveCfg = Release|Win32
		{7D074CE4-0D1A-4103-BECA-DBDF20781250}.Release.Build.0 = Release|Win32
		{268AE545-D614-4B66-AEF3-C5B85919AD9D}.Debug.ActiveCfg = Debug|Win32
		{268AE545-D614-4B66-AEF3-C5B85919AD9D}.Debug.Build.0 = Debug|Win32
		{268AE545-D614-4B66-AEF3-C5B85919AD9D}.Release.ActiveCfg = Release|Win32
		{268AE545-D614-4B66-AEF3-C5B85919AD9D}.Release.Build.0 = Release|Win32
	EndGlobalSection
	GlobalSection(ExtensibilityGlobals) = postSolution
	EndGlobalSection
	GlobalSection(ExtensibilityAddIns) = postSolution
	EndGlobalSection
	GlobalSection(DevPartner Solution Properties) = postSolution
	EndGlobalSection
	GlobalSection(DevPartner) = postSolution
	EndGlobalSection
	GlobalSection(DevPartner) = postSolution
	EndGlobalSection
	GlobalSection(DevPartner) = postSolution
	EndGlobalSection
	GlobalSection(DevPartner) = postSolution
	EndGlobalSection
	GlobalSection(DevPartner) = postSolution
	EndGlobalSection
	GlobalSection(DevPartner) = postSolution
	EndGlobalSection
	GlobalSection(DevPartner) = postSolution
	EndGlobalSection
	GlobalSection(DevPartner) = postSolution
	EndGlobalSection
	GlobalSection(DevPartner) = postSolution
	EndGlobalSection
	GlobalSection(DevPartner) = postSolution
	EndGlobalSection
	GlobalSection(DevPartner) = postSolution
	EndGlobalSection
	GlobalSection(DevPartner) = postSolution
	EndGlobalSection
EndGlobal
