<?xml version="1.0" encoding="utf-8"?>
<Project ToolsVersion="4.0" xmlns="http://schemas.microsoft.com/developer/msbuild/2003">
  <ItemGroup>
    <Filter Include="Source Files">
      <UniqueIdentifier>{c92dd85d-d4f7-4dbb-8741-0f49700e54bb}</UniqueIdentifier>
      <Extensions>cpp;c;cxx;rc;def;r;odl;idl;hpj;bat</Extensions>
    </Filter>
    <Filter Include="Header Files">
      <UniqueIdentifier>{df41ca7e-61c8-4818-88ce-c3ca254cc563}</UniqueIdentifier>
      <Extensions>h;hpp;hxx;hm;inl</Extensions>
    </Filter>
    <Filter Include="Resource Files">
      <UniqueIdentifier>{c731d385-a91f-4ad7-8d6c-0c0645bd9b22}</UniqueIdentifier>
      <Extensions>ico;cur;bmp;dlg;rc2;rct;bin;rgs;gif;jpg;jpeg;jpe</Extensions>
    </Filter>
    <Filter Include="Configuration Files">
      <UniqueIdentifier>{17185ff4-c540-4003-b76a-d84067181a3c}</UniqueIdentifier>
    </Filter>
  </ItemGroup>
  <ItemGroup>
    <ClCompile Include="COpcDa20Cache.cpp">
      <Filter>Source Files</Filter>
    </ClCompile>
    <ClCompile Include="COpcDa20Server.cpp">
      <Filter>Source Files</Filter>
    </ClCompile>
    <ClCompile Include="OpcDa20Server.cpp">
      <Filter>Source Files</Filter>
    </ClCompile>
    <ClCompile Include="StdAfx.cpp">
      <Filter>Source Files</Filter>
    </ClCompile>
  </ItemGroup>
  <ItemGroup>
    <Midl Include="OpcDa20Server.idl">
      <Filter>Source Files</Filter>
    </Midl>
  </ItemGroup>
  <ItemGroup>
    <ResourceCompile Include="OpcDa20Server.rc">
      <Filter>Source Files</Filter>
    </ResourceCompile>
  </ItemGroup>
  <ItemGroup>
    <ClInclude Include="COpcDa20Cache.h">
      <Filter>Header Files</Filter>
    </ClInclude>
    <ClInclude Include="COpcDa20Group.h">
      <Filter>Header Files</Filter>
    </ClInclude>
    <ClInclude Include="COpcDa20Server.h">
      <Filter>Header Files</Filter>
    </ClInclude>
    <ClInclude Include="resource.h">
      <Filter>Header Files</Filter>
    </ClInclude>
    <ClInclude Include="StdAfx.h">
      <Filter>Header Files</Filter>
    </ClInclude>
  </ItemGroup>
  <ItemGroup>
    <Image Include="OpcDa20Server.ico">
      <Filter>Resource Files</Filter>
    </Image>
  </ItemGroup>
  <ItemGroup>
    <CustomBuild Include="OpcDa20Server.binary.xml">
      <Filter>Configuration Files</Filter>
    </CustomBuild>
    <CustomBuild Include="OpcDa20Server.config.xml">
      <Filter>Configuration Files</Filter>
    </CustomBuild>
  </ItemGroup>
</Project>