Microsoft Visual Studio Solution File, Format Version 8.00
Project("{8BC9CEB8-8B4A-11D0-8D11-00A0C91BC942}") = "OPC HDA Sample Server", "OPC HDA Sample Server.vcproj", "{94C7C6CD-0BF5-47E5-BE1B-BFEEB1EB2B45}"
	ProjectSection(ProjectDependencies) = postProject
	EndProjectSection
EndProject
Project("{8BC9CEB8-8B4A-11D0-8D11-00A0C91BC942}") = "OPC Sample Utility Classes", "..\..\Shared\Sample Utility Classes\OPC Sample Utility Classes.vcproj", "{268AE545-D614-4B66-AEF3-C5B85919AD9D}"
	ProjectSection(ProjectDependencies) = postProject
	EndProjectSection
EndProject
Project("{8BC9CEB8-8B4A-11D0-8D11-00A0C91BC942}") = "OPC HDA Sample Server Classes", "..\Sample Server Classes\OPC HDA Sample Server Classes.vcproj", "{EC52271A-4956-4E24-AD8E-47C45A561835}"
	ProjectSection(ProjectDependencies) = postProject
	EndProjectSection
EndProject
Global
	GlobalSection(SolutionConfiguration) = preSolution
		Debug = Debug
		Release = Release
	EndGlobalSection
	GlobalSection(ProjectConfiguration) = postSolution
		{94C7C6CD-0BF5-47E5-BE1B-BFEEB1EB2B45}.Debug.ActiveCfg = Debug|Win32
		{94C7C6CD-0BF5-47E5-BE1B-BFEEB1EB2B45}.Debug.Build.0 = Debug|Win32
		{94C7C6CD-0BF5-47E5-BE1B-BFEEB1EB2B45}.Release.ActiveCfg = Release|Win32
		{94C7C6CD-0BF5-47E5-BE1B-BFEEB1EB2B45}.Release.Build.0 = Release|Win32
		{268AE545-D614-4B66-AEF3-C5B85919AD9D}.Debug.ActiveCfg = Debug|Win32
		{268AE545-D614-4B66-AEF3-C5B85919AD9D}.Debug.Build.0 = Debug|Win32
		{268AE545-D614-4B66-AEF3-C5B85919AD9D}.Release.ActiveCfg = Release|Win32
		{268AE545-D614-4B66-AEF3-C5B85919AD9D}.Release.Build.0 = Release|Win32
		{EC52271A-4956-4E24-AD8E-47C45A561835}.Debug.ActiveCfg = Debug|Win32
		{EC52271A-4956-4E24-AD8E-47C45A561835}.Debug.Build.0 = Debug|Win32
		{EC52271A-4956-4E24-AD8E-47C45A561835}.Release.ActiveCfg = Release|Win32
		{EC52271A-4956-4E24-AD8E-47C45A561835}.Release.Build.0 = Release|Win32
	EndGlobalSection
	GlobalSection(ExtensibilityGlobals) = postSolution
	EndGlobalSection
	GlobalSection(ExtensibilityAddIns) = postSolution
	EndGlobalSection
EndGlobal
