<?xml version="1.0" encoding="utf-8"?>
<Project ToolsVersion="4.0" xmlns="http://schemas.microsoft.com/developer/msbuild/2003">
  <ItemGroup>
    <Filter Include="Source Files">
      <UniqueIdentifier>{4FC737F1-C7A5-4376-A066-2A32D752A2FF}</UniqueIdentifier>
      <Extensions>cpp;c;cxx;def;odl;idl;hpj;bat;asm;asmx</Extensions>
    </Filter>
    <Filter Include="Header Files">
      <UniqueIdentifier>{93995380-89BD-4b04-88EB-625FBE52EBFB}</UniqueIdentifier>
      <Extensions>h;hpp;hxx;hm;inl;inc;xsd</Extensions>
    </Filter>
    <Filter Include="Resource Files">
      <UniqueIdentifier>{67DA6AB6-F800-4c08-8B7A-83BB121AAD01}</UniqueIdentifier>
      <Extensions>rc;ico;cur;bmp;dlg;rc2;rct;bin;rgs;gif;jpg;jpeg;jpe;resx</Extensions>
    </Filter>
  </ItemGroup>
  <ItemGroup>
    <ClCompile Include="COpcHdaAggregate.cpp">
      <Filter>Source Files</Filter>
    </ClCompile>
    <ClCompile Include="COpcHdaAttribute.cpp">
      <Filter>Source Files</Filter>
    </ClCompile>
    <ClCompile Include="COpcHdaBrowser.cpp">
      <Filter>Source Files</Filter>
    </ClCompile>
    <ClCompile Include="COpcHdaHistorian.cpp">
      <Filter>Source Files</Filter>
    </ClCompile>
    <ClCompile Include="COpcHdaItem.cpp">
      <Filter>Source Files</Filter>
    </ClCompile>
    <ClCompile Include="COpcHdaItemValue.cpp">
      <Filter>Source Files</Filter>
    </ClCompile>
    <ClCompile Include="COpcHdaServer.cpp">
      <Filter>Source Files</Filter>
    </ClCompile>
    <ClCompile Include="COpcHdaSubscriptionMgr.cpp">
      <Filter>Source Files</Filter>
    </ClCompile>
    <ClCompile Include="COpcHdaTime.cpp">
      <Filter>Source Files</Filter>
    </ClCompile>
    <ClCompile Include="COpcHdaTransaction.cpp">
      <Filter>Source Files</Filter>
    </ClCompile>
    <ClCompile Include="StdAfx.cpp">
      <Filter>Source Files</Filter>
    </ClCompile>
  </ItemGroup>
  <ItemGroup>
    <ClInclude Include="COpcHdaAggregate.h">
      <Filter>Header Files</Filter>
    </ClInclude>
    <ClInclude Include="COpcHdaAttribute.h">
      <Filter>Header Files</Filter>
    </ClInclude>
    <ClInclude Include="COpcHdaBrowser.h">
      <Filter>Header Files</Filter>
    </ClInclude>
    <ClInclude Include="COpcHdaHistorian.h">
      <Filter>Header Files</Filter>
    </ClInclude>
    <ClInclude Include="COpcHdaItem.h">
      <Filter>Header Files</Filter>
    </ClInclude>
    <ClInclude Include="COpcHdaItemValue.h">
      <Filter>Header Files</Filter>
    </ClInclude>
    <ClInclude Include="COpcHdaServer.h">
      <Filter>Header Files</Filter>
    </ClInclude>
    <ClInclude Include="COpcHdaSubscriptionMgr.h">
      <Filter>Header Files</Filter>
    </ClInclude>
    <ClInclude Include="COpcHdaTime.h">
      <Filter>Header Files</Filter>
    </ClInclude>
    <ClInclude Include="COpcHdaTransaction.h">
      <Filter>Header Files</Filter>
    </ClInclude>
    <ClInclude Include="StdAfx.h">
      <Filter>Header Files</Filter>
    </ClInclude>
  </ItemGroup>
</Project>