
Microsoft Visual Studio Solution File, Format Version 12.00
# Visual Studio 2013
VisualStudioVersion = 12.0.21005.1
MinimumVisualStudioVersion = 10.0.40219.1
Project("{2150E333-8FDC-42A3-9474-1A3956D46DE8}") = "OPC .NET API", "OPC .NET API", "{EE531D8F-E569-46C5-AC7F-649014D93719}"
EndProject
Project("{2150E333-8FDC-42A3-9474-1A3956D46DE8}") = "C++ Server", "C++ Server", "{BBF27038-14C7-4294-BD0E-0592DB506C98}"
EndProject
Project("{2150E333-8FDC-42A3-9474-1A3956D46DE8}") = ".NET Client", ".NET Client", "{A6CD26AE-9DA0-4B69-A5B3-57A3B6BD3CC4}"
EndProject
Project("{8BC9CEB8-8B4A-11D0-8D11-00A0C91BC942}") = "OPC AE Sample Server", "..\..\Alarms and Events\Sample Server\OPC AE Sample Server.vcxproj", "{E6A8DCD2-1B76-4608-BC65-F70C844D51B4}"
EndProject
Project("{FAE04EC0-301F-11D3-BF4B-00C04F79EFBC}") = "OPC NET API", "..\..\NET API\Core\OPC NET API.csproj", "{98B6E5A1-6FED-434E-B568-9C68D5F9959C}"
EndProject
Project("{FAE04EC0-301F-11D3-BF4B-00C04F79EFBC}") = "OPC NET COM Wrapper", "..\..\NET API\COM Wrapper\OPC NET COM Wrapper.csproj", "{170A5455-A090-4F26-810F-15F71BBF87E6}"
EndProject
Project("{FAE04EC0-301F-11D3-BF4B-00C04F79EFBC}") = "OPC NET XML Wrapper", "..\..\NET API\XML Wrapper\OPC NET XML Wrapper.csproj", "{82283125-79FD-4A52-948A-A928CC51C07B}"
EndProject
Project("{FAE04EC0-301F-11D3-BF4B-00C04F79EFBC}") = "OPC AE Sample Client", "..\..\NET API\Sample Client\Ae\OPC AE Sample Client.csproj", "{3156BE93-8C15-4CB0-AC22-782094E05344}"
EndProject
Project("{FAE04EC0-301F-11D3-BF4B-00C04F79EFBC}") = "OPC NET Common Controls", "..\..\NET API\Sample Client\Common\OPC NET Common Controls.csproj", "{AC5779F3-2523-42A6-8AC6-02F21A320E7C}"
EndProject
Project("{FAE04EC0-301F-11D3-BF4B-00C04F79EFBC}") = "OPC COM RCW", "..\..\Common\NetRcw\OPC COM RCW.csproj", "{75A956D6-285B-46C9-B713-1500582F8C62}"
EndProject
Global
	GlobalSection(SolutionConfigurationPlatforms) = preSolution
		Debug|Any CPU = Debug|Any CPU
		Debug|Mixed Platforms = Debug|Mixed Platforms
		Debug|Win32 = Debug|Win32
		Release|Any CPU = Release|Any CPU
		Release|Mixed Platforms = Release|Mixed Platforms
		Release|Win32 = Release|Win32
	EndGlobalSection
	GlobalSection(ProjectConfigurationPlatforms) = postSolution
		{E6A8DCD2-1B76-4608-BC65-F70C844D51B4}.Debug|Any CPU.ActiveCfg = Debug|Win32
		{E6A8DCD2-1B76-4608-BC65-F70C844D51B4}.Debug|Mixed Platforms.ActiveCfg = Debug|Win32
		{E6A8DCD2-1B76-4608-BC65-F70C844D51B4}.Debug|Mixed Platforms.Build.0 = Debug|Win32
		{E6A8DCD2-1B76-4608-BC65-F70C844D51B4}.Debug|Win32.ActiveCfg = Debug|Win32
		{E6A8DCD2-1B76-4608-BC65-F70C844D51B4}.Debug|Win32.Build.0 = Debug|Win32
		{E6A8DCD2-1B76-4608-BC65-F70C844D51B4}.Release|Any CPU.ActiveCfg = Release|Win32
		{E6A8DCD2-1B76-4608-BC65-F70C844D51B4}.Release|Mixed Platforms.ActiveCfg = Release|Win32
		{E6A8DCD2-1B76-4608-BC65-F70C844D51B4}.Release|Mixed Platforms.Build.0 = Release|Win32
		{E6A8DCD2-1B76-4608-BC65-F70C844D51B4}.Release|Win32.ActiveCfg = Release|Win32
		{E6A8DCD2-1B76-4608-BC65-F70C844D51B4}.Release|Win32.Build.0 = Release|Win32
		{98B6E5A1-6FED-434E-B568-9C68D5F9959C}.Debug|Any CPU.ActiveCfg = Debug|Any CPU
		{98B6E5A1-6FED-434E-B568-9C68D5F9959C}.Debug|Any CPU.Build.0 = Debug|Any CPU
		{98B6E5A1-6FED-434E-B568-9C68D5F9959C}.Debug|Mixed Platforms.ActiveCfg = Debug|Any CPU
		{98B6E5A1-6FED-434E-B568-9C68D5F9959C}.Debug|Mixed Platforms.Build.0 = Debug|Any CPU
		{98B6E5A1-6FED-434E-B568-9C68D5F9959C}.Debug|Win32.ActiveCfg = Debug|Any CPU
		{98B6E5A1-6FED-434E-B568-9C68D5F9959C}.Debug|Win32.Build.0 = Debug|Any CPU
		{98B6E5A1-6FED-434E-B568-9C68D5F9959C}.Release|Any CPU.ActiveCfg = Release|Any CPU
		{98B6E5A1-6FED-434E-B568-9C68D5F9959C}.Release|Any CPU.Build.0 = Release|Any CPU
		{98B6E5A1-6FED-434E-B568-9C68D5F9959C}.Release|Mixed Platforms.ActiveCfg = Release|Any CPU
		{98B6E5A1-6FED-434E-B568-9C68D5F9959C}.Release|Mixed Platforms.Build.0 = Release|Any CPU
		{98B6E5A1-6FED-434E-B568-9C68D5F9959C}.Release|Win32.ActiveCfg = Release|Any CPU
		{98B6E5A1-6FED-434E-B568-9C68D5F9959C}.Release|Win32.Build.0 = Release|Any CPU
		{170A5455-A090-4F26-810F-15F71BBF87E6}.Debug|Any CPU.ActiveCfg = Debug|Any CPU
		{170A5455-A090-4F26-810F-15F71BBF87E6}.Debug|Any CPU.Build.0 = Debug|Any CPU
		{170A5455-A090-4F26-810F-15F71BBF87E6}.Debug|Mixed Platforms.ActiveCfg = Debug|Any CPU
		{170A5455-A090-4F26-810F-15F71BBF87E6}.Debug|Mixed Platforms.Build.0 = Debug|Any CPU
		{170A5455-A090-4F26-810F-15F71BBF87E6}.Debug|Win32.ActiveCfg = Debug|Any CPU
		{170A5455-A090-4F26-810F-15F71BBF87E6}.Debug|Win32.Build.0 = Debug|Any CPU
		{170A5455-A090-4F26-810F-15F71BBF87E6}.Release|Any CPU.ActiveCfg = Release|Any CPU
		{170A5455-A090-4F26-810F-15F71BBF87E6}.Release|Any CPU.Build.0 = Release|Any CPU
		{170A5455-A090-4F26-810F-15F71BBF87E6}.Release|Mixed Platforms.ActiveCfg = Release|Any CPU
		{170A5455-A090-4F26-810F-15F71BBF87E6}.Release|Mixed Platforms.Build.0 = Release|Any CPU
		{170A5455-A090-4F26-810F-15F71BBF87E6}.Release|Win32.ActiveCfg = Release|Any CPU
		{170A5455-A090-4F26-810F-15F71BBF87E6}.Release|Win32.Build.0 = Release|Any CPU
		{82283125-79FD-4A52-948A-A928CC51C07B}.Debug|Any CPU.ActiveCfg = Debug|Any CPU
		{82283125-79FD-4A52-948A-A928CC51C07B}.Debug|Any CPU.Build.0 = Debug|Any CPU
		{82283125-79FD-4A52-948A-A928CC51C07B}.Debug|Mixed Platforms.ActiveCfg = Debug|Any CPU
		{82283125-79FD-4A52-948A-A928CC51C07B}.Debug|Mixed Platforms.Build.0 = Debug|Any CPU
		{82283125-79FD-4A52-948A-A928CC51C07B}.Debug|Win32.ActiveCfg = Debug|Any CPU
		{82283125-79FD-4A52-948A-A928CC51C07B}.Debug|Win32.Build.0 = Debug|Any CPU
		{82283125-79FD-4A52-948A-A928CC51C07B}.Release|Any CPU.ActiveCfg = Release|Any CPU
		{82283125-79FD-4A52-948A-A928CC51C07B}.Release|Any CPU.Build.0 = Release|Any CPU
		{82283125-79FD-4A52-948A-A928CC51C07B}.Release|Mixed Platforms.ActiveCfg = Release|Any CPU
		{82283125-79FD-4A52-948A-A928CC51C07B}.Release|Mixed Platforms.Build.0 = Release|Any CPU
		{82283125-79FD-4A52-948A-A928CC51C07B}.Release|Win32.ActiveCfg = Release|Any CPU
		{82283125-79FD-4A52-948A-A928CC51C07B}.Release|Win32.Build.0 = Release|Any CPU
		{3156BE93-8C15-4CB0-AC22-782094E05344}.Debug|Any CPU.ActiveCfg = Debug|Any CPU
		{3156BE93-8C15-4CB0-AC22-782094E05344}.Debug|Any CPU.Build.0 = Debug|Any CPU
		{3156BE93-8C15-4CB0-AC22-782094E05344}.Debug|Mixed Platforms.ActiveCfg = Debug|Any CPU
		{3156BE93-8C15-4CB0-AC22-782094E05344}.Debug|Mixed Platforms.Build.0 = Debug|Any CPU
		{3156BE93-8C15-4CB0-AC22-782094E05344}.Debug|Win32.ActiveCfg = Debug|Any CPU
		{3156BE93-8C15-4CB0-AC22-782094E05344}.Debug|Win32.Build.0 = Debug|Any CPU
		{3156BE93-8C15-4CB0-AC22-782094E05344}.Release|Any CPU.ActiveCfg = Release|Any CPU
		{3156BE93-8C15-4CB0-AC22-782094E05344}.Release|Any CPU.Build.0 = Release|Any CPU
		{3156BE93-8C15-4CB0-AC22-782094E05344}.Release|Mixed Platforms.ActiveCfg = Release|Any CPU
		{3156BE93-8C15-4CB0-AC22-782094E05344}.Release|Mixed Platforms.Build.0 = Release|Any CPU
		{3156BE93-8C15-4CB0-AC22-782094E05344}.Release|Win32.ActiveCfg = Release|Any CPU
		{3156BE93-8C15-4CB0-AC22-782094E05344}.Release|Win32.Build.0 = Release|Any CPU
		{AC5779F3-2523-42A6-8AC6-02F21A320E7C}.Debug|Any CPU.ActiveCfg = Debug|Any CPU
		{AC5779F3-2523-42A6-8AC6-02F21A320E7C}.Debug|Any CPU.Build.0 = Debug|Any CPU
		{AC5779F3-2523-42A6-8AC6-02F21A320E7C}.Debug|Mixed Platforms.ActiveCfg = Debug|Any CPU
		{AC5779F3-2523-42A6-8AC6-02F21A320E7C}.Debug|Mixed Platforms.Build.0 = Debug|Any CPU
		{AC5779F3-2523-42A6-8AC6-02F21A320E7C}.Debug|Win32.ActiveCfg = Debug|Any CPU
		{AC5779F3-2523-42A6-8AC6-02F21A320E7C}.Debug|Win32.Build.0 = Debug|Any CPU
		{AC5779F3-2523-42A6-8AC6-02F21A320E7C}.Release|Any CPU.ActiveCfg = Release|Any CPU
		{AC5779F3-2523-42A6-8AC6-02F21A320E7C}.Release|Any CPU.Build.0 = Release|Any CPU
		{AC5779F3-2523-42A6-8AC6-02F21A320E7C}.Release|Mixed Platforms.ActiveCfg = Release|Any CPU
		{AC5779F3-2523-42A6-8AC6-02F21A320E7C}.Release|Mixed Platforms.Build.0 = Release|Any CPU
		{AC5779F3-2523-42A6-8AC6-02F21A320E7C}.Release|Win32.ActiveCfg = Release|Any CPU
		{AC5779F3-2523-42A6-8AC6-02F21A320E7C}.Release|Win32.Build.0 = Release|Any CPU
		{75A956D6-285B-46C9-B713-1500582F8C62}.Debug|Any CPU.ActiveCfg = Debug|Any CPU
		{75A956D6-285B-46C9-B713-1500582F8C62}.Debug|Any CPU.Build.0 = Debug|Any CPU
		{75A956D6-285B-46C9-B713-1500582F8C62}.Debug|Mixed Platforms.ActiveCfg = Debug|Any CPU
		{75A956D6-285B-46C9-B713-1500582F8C62}.Debug|Mixed Platforms.Build.0 = Debug|Any CPU
		{75A956D6-285B-46C9-B713-1500582F8C62}.Debug|Win32.ActiveCfg = Debug|Any CPU
		{75A956D6-285B-46C9-B713-1500582F8C62}.Release|Any CPU.ActiveCfg = Release|Any CPU
		{75A956D6-285B-46C9-B713-1500582F8C62}.Release|Any CPU.Build.0 = Release|Any CPU
		{75A956D6-285B-46C9-B713-1500582F8C62}.Release|Mixed Platforms.ActiveCfg = Release|Any CPU
		{75A956D6-285B-46C9-B713-1500582F8C62}.Release|Mixed Platforms.Build.0 = Release|Any CPU
		{75A956D6-285B-46C9-B713-1500582F8C62}.Release|Win32.ActiveCfg = Release|Any CPU
	EndGlobalSection
	GlobalSection(SolutionProperties) = preSolution
		HideSolutionNode = FALSE
	EndGlobalSection
	GlobalSection(NestedProjects) = preSolution
		{98B6E5A1-6FED-434E-B568-9C68D5F9959C} = {EE531D8F-E569-46C5-AC7F-649014D93719}
		{170A5455-A090-4F26-810F-15F71BBF87E6} = {EE531D8F-E569-46C5-AC7F-649014D93719}
		{82283125-79FD-4A52-948A-A928CC51C07B} = {EE531D8F-E569-46C5-AC7F-649014D93719}
		{75A956D6-285B-46C9-B713-1500582F8C62} = {EE531D8F-E569-46C5-AC7F-649014D93719}
		{E6A8DCD2-1B76-4608-BC65-F70C844D51B4} = {BBF27038-14C7-4294-BD0E-0592DB506C98}
		{3156BE93-8C15-4CB0-AC22-782094E05344} = {A6CD26AE-9DA0-4B69-A5B3-57A3B6BD3CC4}
		{AC5779F3-2523-42A6-8AC6-02F21A320E7C} = {A6CD26AE-9DA0-4B69-A5B3-57A3B6BD3CC4}
	EndGlobalSection
EndGlobal
