<?xml version="1.0" encoding="utf-8"?>
<Project ToolsVersion="4.0" xmlns="http://schemas.microsoft.com/developer/msbuild/2003">
  <ItemGroup>
    <Filter Include="Source Files">
      <UniqueIdentifier>{8828f129-10b8-49f1-bcf6-bac99dde0b39}</UniqueIdentifier>
      <Extensions>cpp;c;cxx;rc;def;r;odl;idl;hpj;bat</Extensions>
    </Filter>
    <Filter Include="Header Files">
      <UniqueIdentifier>{fb35ae06-d61e-454d-8593-c7c8a49b1972}</UniqueIdentifier>
      <Extensions>h;hpp;hxx;hm;inl</Extensions>
    </Filter>
    <Filter Include="Resource Files">
      <UniqueIdentifier>{f539a0ac-da70-4b16-ab8e-8332d590ddfc}</UniqueIdentifier>
      <Extensions>ico;cur;bmp;dlg;rc2;rct;bin;cnt;rtf;gif;jpg;jpeg;jpe</Extensions>
    </Filter>
    <Filter Include="Simulation Source">
      <UniqueIdentifier>{8eaa15cb-a1a9-449e-8643-622ef212bc70}</UniqueIdentifier>
      <Extensions>xls;</Extensions>
    </Filter>
  </ItemGroup>
  <ItemGroup>
    <ClCompile Include="cathelp.cpp">
      <Filter>Source Files</Filter>
    </ClCompile>
    <ClCompile Include="condition.cpp">
      <Filter>Source Files</Filter>
    </ClCompile>
    <ClCompile Include="ConditionMap.cpp">
      <Filter>Source Files</Filter>
    </ClCompile>
    <ClCompile Include="global.cpp">
      <Filter>Source Files</Filter>
    </ClCompile>
    <ClCompile Include="MatchPattern.cpp">
      <Filter>Source Files</Filter>
    </ClCompile>
    <ClCompile Include="OPC_AE_SampleServer.cpp">
      <Filter>Source Files</Filter>
    </ClCompile>
    <ClCompile Include="OPCEventAreaBrowser.cpp">
      <Filter>Source Files</Filter>
    </ClCompile>
    <ClCompile Include="OPCEventServer.cpp">
      <Filter>Source Files</Filter>
    </ClCompile>
    <ClCompile Include="OPCEventSubscriptionMgt.cpp">
      <Filter>Source Files</Filter>
    </ClCompile>
    <ClCompile Include="pseudoMFC.cpp">
      <Filter>Source Files</Filter>
    </ClCompile>
    <ClCompile Include="QueryContainers.cpp">
      <Filter>Source Files</Filter>
    </ClCompile>
    <ClCompile Include="ResourceVer.cpp">
      <Filter>Source Files</Filter>
    </ClCompile>
    <ClCompile Include="ServerStatus.cpp">
      <Filter>Source Files</Filter>
    </ClCompile>
    <ClCompile Include="simulation.cpp">
      <Filter>Source Files</Filter>
    </ClCompile>
    <ClCompile Include="StdAfx.cpp">
      <Filter>Source Files</Filter>
    </ClCompile>
    <ClCompile Include="ThreadPool.cpp">
      <Filter>Source Files</Filter>
    </ClCompile>
    <ClCompile Include="TraceStream.cpp">
      <Filter>Source Files</Filter>
    </ClCompile>
    <ClCompile Include="tstring.cpp">
      <Filter>Source Files</Filter>
    </ClCompile>
  </ItemGroup>
  <ItemGroup>
    <ResourceCompile Include="OPC_AE_SampleServer.rc">
      <Filter>Source Files</Filter>
    </ResourceCompile>
  </ItemGroup>
  <ItemGroup>
    <ClInclude Include="cathelp.h">
      <Filter>Header Files</Filter>
    </ClInclude>
    <ClInclude Include="condition.h">
      <Filter>Header Files</Filter>
    </ClInclude>
    <ClInclude Include="ConditionMap.h">
      <Filter>Header Files</Filter>
    </ClInclude>
    <ClInclude Include="FileTime.h">
      <Filter>Header Files</Filter>
    </ClInclude>
    <ClInclude Include="global.h">
      <Filter>Header Files</Filter>
    </ClInclude>
    <ClInclude Include="MatchPattern.h">
      <Filter>Header Files</Filter>
    </ClInclude>
    <ClInclude Include="OPC_AE_SampleServer.h">
      <Filter>Header Files</Filter>
    </ClInclude>
    <ClInclude Include="OPCBrowseConditions.h">
      <Filter>Header Files</Filter>
    </ClInclude>
    <ClInclude Include="OPCEventAreaBrowser.h">
      <Filter>Header Files</Filter>
    </ClInclude>
    <ClInclude Include="OPCEventServer.h">
      <Filter>Header Files</Filter>
    </ClInclude>
    <ClInclude Include="OPCEventSubscriptionMgt.h">
      <Filter>Header Files</Filter>
    </ClInclude>
    <ClInclude Include="pseudoMFC.h">
      <Filter>Header Files</Filter>
    </ClInclude>
    <ClInclude Include="QueryContainers.h">
      <Filter>Header Files</Filter>
    </ClInclude>
    <ClInclude Include="Resource.h">
      <Filter>Header Files</Filter>
    </ClInclude>
    <ClInclude Include="ResourceVer.h">
      <Filter>Header Files</Filter>
    </ClInclude>
    <ClInclude Include="ServerStatus.h">
      <Filter>Header Files</Filter>
    </ClInclude>
    <ClInclude Include="simulation.h">
      <Filter>Header Files</Filter>
    </ClInclude>
    <ClInclude Include="StdAfx.h">
      <Filter>Header Files</Filter>
    </ClInclude>
    <ClInclude Include="ThreadPool.h">
      <Filter>Header Files</Filter>
    </ClInclude>
    <ClInclude Include="ThreadSafe.h">
      <Filter>Header Files</Filter>
    </ClInclude>
    <ClInclude Include="TraceStream.h">
      <Filter>Header Files</Filter>
    </ClInclude>
    <ClInclude Include="tstring.h">
      <Filter>Header Files</Filter>
    </ClInclude>
  </ItemGroup>
  <ItemGroup>
    <None Include="OPC_AE_SampleServer.rgs">
      <Filter>Resource Files</Filter>
    </None>
    <None Include="OPCEventServer.rgs">
      <Filter>Resource Files</Filter>
    </None>
    <None Include="OpcAeServer.xls">
      <Filter>Simulation Source</Filter>
    </None>
  </ItemGroup>
  <ItemGroup>
    <CustomBuild Include="OpcAeServer.csv">
      <Filter>Simulation Source</Filter>
    </CustomBuild>
  </ItemGroup>
</Project>