
Microsoft Visual Studio Solution File, Format Version 12.00
# Visual Studio 2013
VisualStudioVersion = 12.0.40629.0
MinimumVisualStudioVersion = 10.0.40219.1
Project("{FAE04EC0-301F-11D3-BF4B-00C04F79EFBC}") = "OPC COM RCW (Net40)", "Common\NetRcw\OPC COM RCW (Net40).csproj", "{75A956D6-285B-46C9-B713-1500582F8C62}"
EndProject
Project("{FAE04EC0-301F-11D3-BF4B-00C04F79EFBC}") = "OPC NET API (Net40)", "NET API\Core\OPC NET API (Net40).csproj", "{98B6E5A1-6FED-434E-B568-9C68D5F9959C}"
EndProject
Project("{FAE04EC0-301F-11D3-BF4B-00C04F79EFBC}") = "OPC NET COM Wrapper (Net40)", "NET API\COM Wrapper\OPC NET COM Wrapper (Net40).csproj", "{170A5455-A090-4F26-810F-15F71BBF87E6}"
EndProject
Project("{FAE04EC0-301F-11D3-BF4B-00C04F79EFBC}") = "OPC NET XML Wrapper (Net40)", "NET API\XML Wrapper\OPC NET XML Wrapper (Net40).csproj", "{82283125-79FD-4A52-948A-A928CC51C07B}"
EndProject
Project("{FAE04EC0-301F-11D3-BF4B-00C04F79EFBC}") = "OPC COM RCW (Net20)", "Common\NetRcw\OPC COM RCW (Net20).csproj", "{EFB1FC1B-1345-44CC-AE91-57311B8AC60E}"
EndProject
Project("{FAE04EC0-301F-11D3-BF4B-00C04F79EFBC}") = "OPC NET API (Net20)", "NET API\Core\OPC NET API (Net20).csproj", "{18EA7E2E-1486-47FC-91EF-54E4EF1A0B02}"
EndProject
Project("{FAE04EC0-301F-11D3-BF4B-00C04F79EFBC}") = "OPC NET COM Wrapper (Net20)", "NET API\COM Wrapper\OPC NET COM Wrapper (Net20).csproj", "{D0A6AABF-C3B1-4110-96BA-6708B1FF0657}"
EndProject
Project("{FAE04EC0-301F-11D3-BF4B-00C04F79EFBC}") = "OPC NET XML Wrapper (Net20)", "NET API\XML Wrapper\OPC NET XML Wrapper (Net20).csproj", "{92872F74-35DB-4EDD-8BA3-5474B21AEEA2}"
EndProject
Project("{2150E333-8FDC-42A3-9474-1A3956D46DE8}") = "Net20", "Net20", "{468EC940-3D0B-4582-BFF8-F72F00DB757A}"
EndProject
Project("{2150E333-8FDC-42A3-9474-1A3956D46DE8}") = "Net40", "Net40", "{F66BAC18-1D61-4E89-A0E4-CA4843F7BBB4}"
EndProject
Global
	GlobalSection(SolutionConfigurationPlatforms) = preSolution
		Debug|Any CPU = Debug|Any CPU
		Release|Any CPU = Release|Any CPU
	EndGlobalSection
	GlobalSection(ProjectConfigurationPlatforms) = postSolution
		{75A956D6-285B-46C9-B713-1500582F8C62}.Debug|Any CPU.ActiveCfg = Debug|Any CPU
		{75A956D6-285B-46C9-B713-1500582F8C62}.Debug|Any CPU.Build.0 = Debug|Any CPU
		{75A956D6-285B-46C9-B713-1500582F8C62}.Release|Any CPU.ActiveCfg = Release|Any CPU
		{75A956D6-285B-46C9-B713-1500582F8C62}.Release|Any CPU.Build.0 = Release|Any CPU
		{98B6E5A1-6FED-434E-B568-9C68D5F9959C}.Debug|Any CPU.ActiveCfg = Debug|Any CPU
		{98B6E5A1-6FED-434E-B568-9C68D5F9959C}.Debug|Any CPU.Build.0 = Debug|Any CPU
		{98B6E5A1-6FED-434E-B568-9C68D5F9959C}.Release|Any CPU.ActiveCfg = Release|Any CPU
		{98B6E5A1-6FED-434E-B568-9C68D5F9959C}.Release|Any CPU.Build.0 = Release|Any CPU
		{170A5455-A090-4F26-810F-15F71BBF87E6}.Debug|Any CPU.ActiveCfg = Debug|Any CPU
		{170A5455-A090-4F26-810F-15F71BBF87E6}.Debug|Any CPU.Build.0 = Debug|Any CPU
		{170A5455-A090-4F26-810F-15F71BBF87E6}.Release|Any CPU.ActiveCfg = Release|Any CPU
		{170A5455-A090-4F26-810F-15F71BBF87E6}.Release|Any CPU.Build.0 = Release|Any CPU
		{82283125-79FD-4A52-948A-A928CC51C07B}.Debug|Any CPU.ActiveCfg = Debug|Any CPU
		{82283125-79FD-4A52-948A-A928CC51C07B}.Debug|Any CPU.Build.0 = Debug|Any CPU
		{82283125-79FD-4A52-948A-A928CC51C07B}.Release|Any CPU.ActiveCfg = Release|Any CPU
		{82283125-79FD-4A52-948A-A928CC51C07B}.Release|Any CPU.Build.0 = Release|Any CPU
		{EFB1FC1B-1345-44CC-AE91-57311B8AC60E}.Debug|Any CPU.ActiveCfg = Debug|Any CPU
		{EFB1FC1B-1345-44CC-AE91-57311B8AC60E}.Debug|Any CPU.Build.0 = Debug|Any CPU
		{EFB1FC1B-1345-44CC-AE91-57311B8AC60E}.Release|Any CPU.ActiveCfg = Release|Any CPU
		{EFB1FC1B-1345-44CC-AE91-57311B8AC60E}.Release|Any CPU.Build.0 = Release|Any CPU
		{18EA7E2E-1486-47FC-91EF-54E4EF1A0B02}.Debug|Any CPU.ActiveCfg = Debug|Any CPU
		{18EA7E2E-1486-47FC-91EF-54E4EF1A0B02}.Debug|Any CPU.Build.0 = Debug|Any CPU
		{18EA7E2E-1486-47FC-91EF-54E4EF1A0B02}.Release|Any CPU.ActiveCfg = Release|Any CPU
		{18EA7E2E-1486-47FC-91EF-54E4EF1A0B02}.Release|Any CPU.Build.0 = Release|Any CPU
		{D0A6AABF-C3B1-4110-96BA-6708B1FF0657}.Debug|Any CPU.ActiveCfg = Debug|Any CPU
		{D0A6AABF-C3B1-4110-96BA-6708B1FF0657}.Debug|Any CPU.Build.0 = Debug|Any CPU
		{D0A6AABF-C3B1-4110-96BA-6708B1FF0657}.Release|Any CPU.ActiveCfg = Release|Any CPU
		{D0A6AABF-C3B1-4110-96BA-6708B1FF0657}.Release|Any CPU.Build.0 = Release|Any CPU
		{92872F74-35DB-4EDD-8BA3-5474B21AEEA2}.Debug|Any CPU.ActiveCfg = Debug|Any CPU
		{92872F74-35DB-4EDD-8BA3-5474B21AEEA2}.Debug|Any CPU.Build.0 = Debug|Any CPU
		{92872F74-35DB-4EDD-8BA3-5474B21AEEA2}.Release|Any CPU.ActiveCfg = Release|Any CPU
		{92872F74-35DB-4EDD-8BA3-5474B21AEEA2}.Release|Any CPU.Build.0 = Release|Any CPU
	EndGlobalSection
	GlobalSection(SolutionProperties) = preSolution
		HideSolutionNode = FALSE
	EndGlobalSection
	GlobalSection(NestedProjects) = preSolution
		{75A956D6-285B-46C9-B713-1500582F8C62} = {F66BAC18-1D61-4E89-A0E4-CA4843F7BBB4}
		{98B6E5A1-6FED-434E-B568-9C68D5F9959C} = {F66BAC18-1D61-4E89-A0E4-CA4843F7BBB4}
		{170A5455-A090-4F26-810F-15F71BBF87E6} = {F66BAC18-1D61-4E89-A0E4-CA4843F7BBB4}
		{82283125-79FD-4A52-948A-A928CC51C07B} = {F66BAC18-1D61-4E89-A0E4-CA4843F7BBB4}
		{EFB1FC1B-1345-44CC-AE91-57311B8AC60E} = {468EC940-3D0B-4582-BFF8-F72F00DB757A}
		{18EA7E2E-1486-47FC-91EF-54E4EF1A0B02} = {468EC940-3D0B-4582-BFF8-F72F00DB757A}
		{D0A6AABF-C3B1-4110-96BA-6708B1FF0657} = {468EC940-3D0B-4582-BFF8-F72F00DB757A}
		{92872F74-35DB-4EDD-8BA3-5474B21AEEA2} = {468EC940-3D0B-4582-BFF8-F72F00DB757A}
	EndGlobalSection
EndGlobal
