<?xml version="1.0" encoding="utf-8"?>
<Project ToolsVersion="4.0" xmlns="http://schemas.microsoft.com/developer/msbuild/2003">
  <ItemGroup>
    <Filter Include="Source Files">
      <UniqueIdentifier>{ec0da6a1-311d-436c-9fee-9bd2baf8134e}</UniqueIdentifier>
      <Extensions>cpp;c;cxx;rc;def;r;odl;idl;hpj;bat</Extensions>
    </Filter>
    <Filter Include="Header Files">
      <UniqueIdentifier>{a371e55d-ddf1-4b43-9433-3ad23c215828}</UniqueIdentifier>
      <Extensions>h;hpp;hxx;hm;inl</Extensions>
    </Filter>
    <Filter Include="Resource Files">
      <UniqueIdentifier>{0b94e197-2588-474e-9e87-4aac5b08477b}</UniqueIdentifier>
      <Extensions>ico;cur;bmp;dlg;rc2;rct;bin;rgs;gif;jpg;jpeg;jpe</Extensions>
    </Filter>
    <Filter Include="Configuration Files">
      <UniqueIdentifier>{7a69fdbe-b688-4a1f-a7f0-7fad975a5d5d}</UniqueIdentifier>
    </Filter>
  </ItemGroup>
  <ItemGroup>
    <ClCompile Include="COpcDa30Cache.cpp">
      <Filter>Source Files</Filter>
    </ClCompile>
    <ClCompile Include="COpcDa30Server.cpp">
      <Filter>Source Files</Filter>
    </ClCompile>
    <ClCompile Include="OpcDa30Server.cpp">
      <Filter>Source Files</Filter>
    </ClCompile>
    <ClCompile Include="StdAfx.cpp">
      <Filter>Source Files</Filter>
    </ClCompile>
  </ItemGroup>
  <ItemGroup>
    <Midl Include="OpcDa30Server.idl">
      <Filter>Source Files</Filter>
    </Midl>
  </ItemGroup>
  <ItemGroup>
    <ResourceCompile Include="OpcDa30Server.rc">
      <Filter>Source Files</Filter>
    </ResourceCompile>
  </ItemGroup>
  <ItemGroup>
    <ClInclude Include="COpcDa30Cache.h">
      <Filter>Header Files</Filter>
    </ClInclude>
    <ClInclude Include="COpcDa30Server.h">
      <Filter>Header Files</Filter>
    </ClInclude>
    <ClInclude Include="OpcDa30Server.h">
      <Filter>Header Files</Filter>
    </ClInclude>
    <ClInclude Include="resource.h">
      <Filter>Header Files</Filter>
    </ClInclude>
    <ClInclude Include="StdAfx.h">
      <Filter>Header Files</Filter>
    </ClInclude>
  </ItemGroup>
  <ItemGroup>
    <Image Include="OpcDa30Server.ico">
      <Filter>Resource Files</Filter>
    </Image>
  </ItemGroup>
  <ItemGroup>
    <CustomBuild Include="OpcDa30Server.binary.xml">
      <Filter>Configuration Files</Filter>
    </CustomBuild>
    <CustomBuild Include="OpcDa30Server.config.xml">
      <Filter>Configuration Files</Filter>
    </CustomBuild>
  </ItemGroup>
</Project>